
Microsoft Visual Studio Solution File, Format Version 12.00
# Visual Studio Version 16
VisualStudioVersion = 16.0.32630.194
MinimumVisualStudioVersion = 10.0.40219.1
Project("{FAE04EC0-301F-11D3-BF4B-00C04F79EFBC}") = "JavaScriptPro", "JavaScriptPro\JavaScriptPro.csproj", "{6DD90796-C4C5-4F1B-B943-FC4D7EBA0756}"
EndProject
Global
	GlobalSection(SolutionConfigurationPlatforms) = preSolution
		Debug|Any CPU = Debug|Any CPU
		Release|Any CPU = Release|Any CPU
	EndGlobalSection
	GlobalSection(ProjectConfigurationPlatforms) = postSolution
		{6DD90796-C4C5-4F1B-B943-FC4D7EBA0756}.Debug|Any CPU.ActiveCfg = Debug|Any CPU
		{6DD90796-C4C5-4F1B-B943-FC4D7EBA0756}.Debug|Any CPU.Build.0 = Debug|Any CPU
		{6DD90796-C4C5-4F1B-B943-FC4D7EBA0756}.Release|Any CPU.ActiveCfg = Release|Any CPU
		{6DD90796-C4C5-4F1B-B943-FC4D7EBA0756}.Release|Any CPU.Build.0 = Release|Any CPU
	EndGlobalSection
	GlobalSection(SolutionProperties) = preSolution
		HideSolutionNode = FALSE
	EndGlobalSection
	GlobalSection(ExtensibilityGlobals) = postSolution
		SolutionGuid = {37894D4D-DF0C-4C0B-A480-DEC7703D68E0}
	EndGlobalSection
EndGlobal
